
Microsoft Visual Studio Solution File, Format Version 12.00
Project("{FAE04EC0-301F-11D3-BF4B-00C04F79EFBC}") = "Project33", "Project33\Project33.csproj", "{2190762A-3CC5-444B-9EC7-E027F5E42FE1}"
EndProject
Global
	GlobalSection(SolutionConfigurationPlatforms) = preSolution
		Debug|Any CPU = Debug|Any CPU
		Release|Any CPU = Release|Any CPU
	EndGlobalSection
	GlobalSection(ProjectConfigurationPlatforms) = postSolution
		{2190762A-3CC5-444B-9EC7-E027F5E42FE1}.Debug|Any CPU.ActiveCfg = Debug|Any CPU
		{2190762A-3CC5-444B-9EC7-E027F5E42FE1}.Debug|Any CPU.Build.0 = Debug|Any CPU
		{2190762A-3CC5-444B-9EC7-E027F5E42FE1}.Release|Any CPU.ActiveCfg = Release|Any CPU
		{2190762A-3CC5-444B-9EC7-E027F5E42FE1}.Release|Any CPU.Build.0 = Release|Any CPU
	EndGlobalSection
EndGlobal
